// !$*UTF8*$!
{
	archiveVersion = 1;
	classes = {
	};
	objectVersion = 55;
	objects = {

/* Begin PBXBuildFile section */
		34C9DA07274C4EC400ACB703 /* main.swift in Sources */ = {isa = PBXBuildFile; fileRef = 34C9DA06274C4EC400ACB703 /* main.swift */; };
		34C9DA0E274C4F9200ACB703 /* AdventOfCodeUtilities in Frameworks */ = {isa = PBXBuildFile; productRef = 34C9DA0D274C4F9200ACB703 /* AdventOfCodeUtilities */; };
		34E9B77A2757B6F200087D5F /* Algorithms in Frameworks */ = {isa = PBXBuildFile; productRef = 34E9B7792757B6F200087D5F /* Algorithms */; };
		34E9B7832758FD8700087D5F /* main.swift in Sources */ = {isa = PBXBuildFile; fileRef = 34E9B7822758FD8700087D5F /* main.swift */; };
		34E9B78A2758FE1900087D5F /* Submarine.swift in Sources */ = {isa = PBXBuildFile; fileRef = 34E9B7892758FE1900087D5F /* Submarine.swift */; };
		34E9B78C2758FFB000087D5F /* AdventOfCodeUtilities in Frameworks */ = {isa = PBXBuildFile; productRef = 34E9B78B2758FFB000087D5F /* AdventOfCodeUtilities */; };
		34E9B794275A53B400087D5F /* main.swift in Sources */ = {isa = PBXBuildFile; fileRef = 34E9B793275A53B400087D5F /* main.swift */; };
		34E9B79B275A541D00087D5F /* AdventOfCodeUtilities in Frameworks */ = {isa = PBXBuildFile; productRef = 34E9B79A275A541D00087D5F /* AdventOfCodeUtilities */; };
		34E9B7A3275BB7C800087D5F /* main.swift in Sources */ = {isa = PBXBuildFile; fileRef = 34E9B7A2275BB7C800087D5F /* main.swift */; };
		34E9B7A8275BB7D500087D5F /* BingoBoard.swift in Sources */ = {isa = PBXBuildFile; fileRef = 34E9B7A7275BB7D500087D5F /* BingoBoard.swift */; };
		34E9B7AC275BBF1800087D5F /* AdventOfCodeUtilities in Frameworks */ = {isa = PBXBuildFile; productRef = 34E9B7AB275BBF1800087D5F /* AdventOfCodeUtilities */; };
		34E9B7AE275BBF1D00087D5F /* Algorithms in Frameworks */ = {isa = PBXBuildFile; productRef = 34E9B7AD275BBF1D00087D5F /* Algorithms */; };
		34E9B7B6275D066500087D5F /* main.swift in Sources */ = {isa = PBXBuildFile; fileRef = 34E9B7B5275D066500087D5F /* main.swift */; };
		34E9B7BB275D066C00087D5F /* AdventOfCodeUtilities in Frameworks */ = {isa = PBXBuildFile; productRef = 34E9B7BA275D066C00087D5F /* AdventOfCodeUtilities */; };
		34E9B7BF275D06C600087D5F /* Line.swift in Sources */ = {isa = PBXBuildFile; fileRef = 34E9B7BE275D06C600087D5F /* Line.swift */; };
		34E9B7C1275D0AB300087D5F /* Algorithms in Frameworks */ = {isa = PBXBuildFile; productRef = 34E9B7C0275D0AB300087D5F /* Algorithms */; };
		34E9B7C9275E46C200087D5F /* main.swift in Sources */ = {isa = PBXBuildFile; fileRef = 34E9B7C8275E46C200087D5F /* main.swift */; };
		34E9B7CE275E46C700087D5F /* AdventOfCodeUtilities in Frameworks */ = {isa = PBXBuildFile; productRef = 34E9B7CD275E46C700087D5F /* AdventOfCodeUtilities */; };
		34E9B7D2275E479D00087D5F /* Lanternfish.swift in Sources */ = {isa = PBXBuildFile; fileRef = 34E9B7D1275E479D00087D5F /* Lanternfish.swift */; };
		34E9B7DA275F927900087D5F /* main.swift in Sources */ = {isa = PBXBuildFile; fileRef = 34E9B7D9275F927900087D5F /* main.swift */; };
		34E9B7E0275F92A900087D5F /* AdventOfCodeUtilities in Frameworks */ = {isa = PBXBuildFile; productRef = 34E9B7DF275F92A900087D5F /* AdventOfCodeUtilities */; };
		34E9B7E2275F931900087D5F /* Algorithms in Frameworks */ = {isa = PBXBuildFile; productRef = 34E9B7E1275F931900087D5F /* Algorithms */; };
		34E9B7EB2760E56100087D5F /* main.swift in Sources */ = {isa = PBXBuildFile; fileRef = 34E9B7EA2760E56100087D5F /* main.swift */; };
		34E9B7F02760E56700087D5F /* AdventOfCodeUtilities in Frameworks */ = {isa = PBXBuildFile; productRef = 34E9B7EF2760E56700087D5F /* AdventOfCodeUtilities */; };
		34E9B7F52760EA6000087D5F /* Entry.swift in Sources */ = {isa = PBXBuildFile; fileRef = 34E9B7F42760EA6000087D5F /* Entry.swift */; };
		34E9B8002762365C00087D5F /* main.swift in Sources */ = {isa = PBXBuildFile; fileRef = 34E9B7FF2762365C00087D5F /* main.swift */; };
		34E9B8052762366000087D5F /* AdventOfCodeUtilities in Frameworks */ = {isa = PBXBuildFile; productRef = 34E9B8042762366000087D5F /* AdventOfCodeUtilities */; };
		34E9B8082762370000087D5F /* Grid.swift in Sources */ = {isa = PBXBuildFile; fileRef = 34E9B8072762370000087D5F /* Grid.swift */; };
		34E9B80A27623BD500087D5F /* Algorithms in Frameworks */ = {isa = PBXBuildFile; productRef = 34E9B80927623BD500087D5F /* Algorithms */; };
		34E9B8132763877D00087D5F /* main.swift in Sources */ = {isa = PBXBuildFile; fileRef = 34E9B8122763877D00087D5F /* main.swift */; };
		34E9B8182763878800087D5F /* AdventOfCodeUtilities in Frameworks */ = {isa = PBXBuildFile; productRef = 34E9B8172763878800087D5F /* AdventOfCodeUtilities */; };
		34E9B81A2763878D00087D5F /* Collections in Frameworks */ = {isa = PBXBuildFile; productRef = 34E9B8192763878D00087D5F /* Collections */; };
		34E9B81D2763883C00087D5F /* Line.swift in Sources */ = {isa = PBXBuildFile; fileRef = 34E9B81C2763883C00087D5F /* Line.swift */; };
		34E9B8262764EC9300087D5F /* main.swift in Sources */ = {isa = PBXBuildFile; fileRef = 34E9B8252764EC9300087D5F /* main.swift */; };
		34E9B82B2764EC9800087D5F /* AdventOfCodeUtilities in Frameworks */ = {isa = PBXBuildFile; productRef = 34E9B82A2764EC9800087D5F /* AdventOfCodeUtilities */; };
		34E9B82E2764ECF400087D5F /* Grid.swift in Sources */ = {isa = PBXBuildFile; fileRef = 34E9B82D2764ECF400087D5F /* Grid.swift */; };
		34E9B8372766502200087D5F /* main.swift in Sources */ = {isa = PBXBuildFile; fileRef = 34E9B8362766502200087D5F /* main.swift */; };
		34E9B83C2766502C00087D5F /* AdventOfCodeUtilities in Frameworks */ = {isa = PBXBuildFile; productRef = 34E9B83B2766502C00087D5F /* AdventOfCodeUtilities */; };
		34E9B83F276650A900087D5F /* Cave.swift in Sources */ = {isa = PBXBuildFile; fileRef = 34E9B83E276650A900087D5F /* Cave.swift */; };
/* End PBXBuildFile section */

/* Begin PBXCopyFilesBuildPhase section */
		34C9DA02274C4EC400ACB703 /* CopyFiles */ = {
			isa = PBXCopyFilesBuildPhase;
			buildActionMask = 2147483647;
			dstPath = /usr/share/man/man1/;
			dstSubfolderSpec = 0;
			files = (
			);
			runOnlyForDeploymentPostprocessing = 1;
		};
		34E9B77E2758FD8700087D5F /* CopyFiles */ = {
			isa = PBXCopyFilesBuildPhase;
			buildActionMask = 2147483647;
			dstPath = /usr/share/man/man1/;
			dstSubfolderSpec = 0;
			files = (
			);
			runOnlyForDeploymentPostprocessing = 1;
		};
		34E9B78F275A53B400087D5F /* CopyFiles */ = {
			isa = PBXCopyFilesBuildPhase;
			buildActionMask = 2147483647;
			dstPath = /usr/share/man/man1/;
			dstSubfolderSpec = 0;
			files = (
			);
			runOnlyForDeploymentPostprocessing = 1;
		};
		34E9B79E275BB7C800087D5F /* CopyFiles */ = {
			isa = PBXCopyFilesBuildPhase;
			buildActionMask = 2147483647;
			dstPath = /usr/share/man/man1/;
			dstSubfolderSpec = 0;
			files = (
			);
			runOnlyForDeploymentPostprocessing = 1;
		};
		34E9B7B1275D066500087D5F /* CopyFiles */ = {
			isa = PBXCopyFilesBuildPhase;
			buildActionMask = 2147483647;
			dstPath = /usr/share/man/man1/;
			dstSubfolderSpec = 0;
			files = (
			);
			runOnlyForDeploymentPostprocessing = 1;
		};
		34E9B7C4275E46C200087D5F /* CopyFiles */ = {
			isa = PBXCopyFilesBuildPhase;
			buildActionMask = 2147483647;
			dstPath = /usr/share/man/man1/;
			dstSubfolderSpec = 0;
			files = (
			);
			runOnlyForDeploymentPostprocessing = 1;
		};
		34E9B7D5275F927900087D5F /* CopyFiles */ = {
			isa = PBXCopyFilesBuildPhase;
			buildActionMask = 2147483647;
			dstPath = /usr/share/man/man1/;
			dstSubfolderSpec = 0;
			files = (
			);
			runOnlyForDeploymentPostprocessing = 1;
		};
		34E9B7E62760E56100087D5F /* CopyFiles */ = {
			isa = PBXCopyFilesBuildPhase;
			buildActionMask = 2147483647;
			dstPath = /usr/share/man/man1/;
			dstSubfolderSpec = 0;
			files = (
			);
			runOnlyForDeploymentPostprocessing = 1;
		};
		34E9B7FB2762365C00087D5F /* CopyFiles */ = {
			isa = PBXCopyFilesBuildPhase;
			buildActionMask = 2147483647;
			dstPath = /usr/share/man/man1/;
			dstSubfolderSpec = 0;
			files = (
			);
			runOnlyForDeploymentPostprocessing = 1;
		};
		34E9B80E2763877D00087D5F /* CopyFiles */ = {
			isa = PBXCopyFilesBuildPhase;
			buildActionMask = 2147483647;
			dstPath = /usr/share/man/man1/;
			dstSubfolderSpec = 0;
			files = (
			);
			runOnlyForDeploymentPostprocessing = 1;
		};
		34E9B8212764EC9300087D5F /* CopyFiles */ = {
			isa = PBXCopyFilesBuildPhase;
			buildActionMask = 2147483647;
			dstPath = /usr/share/man/man1/;
			dstSubfolderSpec = 0;
			files = (
			);
			runOnlyForDeploymentPostprocessing = 1;
		};
		34E9B8322766502200087D5F /* CopyFiles */ = {
			isa = PBXCopyFilesBuildPhase;
			buildActionMask = 2147483647;
			dstPath = /usr/share/man/man1/;
			dstSubfolderSpec = 0;
			files = (
			);
			runOnlyForDeploymentPostprocessing = 1;
		};
/* End PBXCopyFilesBuildPhase section */

/* Begin PBXFileReference section */
		3495CEB027665C33000966E9 /* test_input_2.txt */ = {isa = PBXFileReference; lastKnownFileType = text; path = test_input_2.txt; sourceTree = "<group>"; };
		3495CEB127665C64000966E9 /* test_input_3.txt */ = {isa = PBXFileReference; lastKnownFileType = text; path = test_input_3.txt; sourceTree = "<group>"; };
		3495CEB227665C8B000966E9 /* puzzle_input.txt */ = {isa = PBXFileReference; lastKnownFileType = text; path = puzzle_input.txt; sourceTree = "<group>"; };
		34C9DA04274C4EC400ACB703 /* Day1 */ = {isa = PBXFileReference; explicitFileType = "compiled.mach-o.executable"; includeInIndex = 0; path = Day1; sourceTree = BUILT_PRODUCTS_DIR; };
		34C9DA06274C4EC400ACB703 /* main.swift */ = {isa = PBXFileReference; lastKnownFileType = sourcecode.swift; path = main.swift; sourceTree = "<group>"; };
		34C9DA0B274C4EE800ACB703 /* puzzle_input.txt */ = {isa = PBXFileReference; lastKnownFileType = text; path = puzzle_input.txt; sourceTree = "<group>"; };
		34E9B77B2757B7A700087D5F /* test_input.txt */ = {isa = PBXFileReference; lastKnownFileType = text; path = test_input.txt; sourceTree = "<group>"; };
		34E9B7802758FD8700087D5F /* Day2 */ = {isa = PBXFileReference; explicitFileType = "compiled.mach-o.executable"; includeInIndex = 0; path = Day2; sourceTree = BUILT_PRODUCTS_DIR; };
		34E9B7822758FD8700087D5F /* main.swift */ = {isa = PBXFileReference; lastKnownFileType = sourcecode.swift; path = main.swift; sourceTree = "<group>"; };
		34E9B7872758FDAA00087D5F /* puzzle_input.txt */ = {isa = PBXFileReference; lastKnownFileType = text; path = puzzle_input.txt; sourceTree = "<group>"; };
		34E9B7882758FDB500087D5F /* test_input.txt */ = {isa = PBXFileReference; lastKnownFileType = text; path = test_input.txt; sourceTree = "<group>"; };
		34E9B7892758FE1900087D5F /* Submarine.swift */ = {isa = PBXFileReference; lastKnownFileType = sourcecode.swift; path = Submarine.swift; sourceTree = "<group>"; };
		34E9B791275A53B400087D5F /* Day3 */ = {isa = PBXFileReference; explicitFileType = "compiled.mach-o.executable"; includeInIndex = 0; path = Day3; sourceTree = BUILT_PRODUCTS_DIR; };
		34E9B793275A53B400087D5F /* main.swift */ = {isa = PBXFileReference; lastKnownFileType = sourcecode.swift; path = main.swift; sourceTree = "<group>"; };
		34E9B798275A53E900087D5F /* puzzle_input.txt */ = {isa = PBXFileReference; lastKnownFileType = text; path = puzzle_input.txt; sourceTree = "<group>"; };
		34E9B799275A53F200087D5F /* test_input.txt */ = {isa = PBXFileReference; lastKnownFileType = text; path = test_input.txt; sourceTree = "<group>"; };
		34E9B7A0275BB7C800087D5F /* Day4 */ = {isa = PBXFileReference; explicitFileType = "compiled.mach-o.executable"; includeInIndex = 0; path = Day4; sourceTree = BUILT_PRODUCTS_DIR; };
		34E9B7A2275BB7C800087D5F /* main.swift */ = {isa = PBXFileReference; lastKnownFileType = sourcecode.swift; path = main.swift; sourceTree = "<group>"; };
		34E9B7A7275BB7D500087D5F /* BingoBoard.swift */ = {isa = PBXFileReference; lastKnownFileType = sourcecode.swift; path = BingoBoard.swift; sourceTree = "<group>"; };
		34E9B7A9275BBCD200087D5F /* test_input.txt */ = {isa = PBXFileReference; lastKnownFileType = text; path = test_input.txt; sourceTree = "<group>"; };
		34E9B7AA275BBCED00087D5F /* puzzle_input.txt */ = {isa = PBXFileReference; lastKnownFileType = text; path = puzzle_input.txt; sourceTree = "<group>"; };
		34E9B7B3275D066500087D5F /* Day5 */ = {isa = PBXFileReference; explicitFileType = "compiled.mach-o.executable"; includeInIndex = 0; path = Day5; sourceTree = BUILT_PRODUCTS_DIR; };
		34E9B7B5275D066500087D5F /* main.swift */ = {isa = PBXFileReference; lastKnownFileType = sourcecode.swift; path = main.swift; sourceTree = "<group>"; };
		34E9B7BC275D069800087D5F /* test_input.txt */ = {isa = PBXFileReference; lastKnownFileType = text; path = test_input.txt; sourceTree = "<group>"; };
		34E9B7BD275D06A500087D5F /* puzzle_input.txt */ = {isa = PBXFileReference; lastKnownFileType = text; path = puzzle_input.txt; sourceTree = "<group>"; };
		34E9B7BE275D06C600087D5F /* Line.swift */ = {isa = PBXFileReference; lastKnownFileType = sourcecode.swift; path = Line.swift; sourceTree = "<group>"; };
		34E9B7C6275E46C200087D5F /* Day6 */ = {isa = PBXFileReference; explicitFileType = "compiled.mach-o.executable"; includeInIndex = 0; path = Day6; sourceTree = BUILT_PRODUCTS_DIR; };
		34E9B7C8275E46C200087D5F /* main.swift */ = {isa = PBXFileReference; lastKnownFileType = sourcecode.swift; path = main.swift; sourceTree = "<group>"; };
		34E9B7CF275E46D400087D5F /* test_input.txt */ = {isa = PBXFileReference; lastKnownFileType = text; path = test_input.txt; sourceTree = "<group>"; };
		34E9B7D0275E46E000087D5F /* puzzle_input.txt */ = {isa = PBXFileReference; lastKnownFileType = text; path = puzzle_input.txt; sourceTree = "<group>"; };
		34E9B7D1275E479D00087D5F /* Lanternfish.swift */ = {isa = PBXFileReference; lastKnownFileType = sourcecode.swift; path = Lanternfish.swift; sourceTree = "<group>"; };
		34E9B7D7275F927900087D5F /* Day7 */ = {isa = PBXFileReference; explicitFileType = "compiled.mach-o.executable"; includeInIndex = 0; path = Day7; sourceTree = BUILT_PRODUCTS_DIR; };
		34E9B7D9275F927900087D5F /* main.swift */ = {isa = PBXFileReference; lastKnownFileType = sourcecode.swift; path = main.swift; sourceTree = "<group>"; };
		34E9B7DE275F928500087D5F /* test_input.txt */ = {isa = PBXFileReference; lastKnownFileType = text; path = test_input.txt; sourceTree = "<group>"; };
		34E9B7E3275F95B900087D5F /* puzzle_input.txt */ = {isa = PBXFileReference; lastKnownFileType = text; path = puzzle_input.txt; sourceTree = "<group>"; };
		34E9B7E82760E56100087D5F /* Day8 */ = {isa = PBXFileReference; explicitFileType = "compiled.mach-o.executable"; includeInIndex = 0; path = Day8; sourceTree = BUILT_PRODUCTS_DIR; };
		34E9B7EA2760E56100087D5F /* main.swift */ = {isa = PBXFileReference; lastKnownFileType = sourcecode.swift; path = main.swift; sourceTree = "<group>"; };
		34E9B7F12760E59E00087D5F /* test_input.txt */ = {isa = PBXFileReference; lastKnownFileType = text; path = test_input.txt; sourceTree = "<group>"; };
		34E9B7F42760EA6000087D5F /* Entry.swift */ = {isa = PBXFileReference; lastKnownFileType = sourcecode.swift; path = Entry.swift; sourceTree = "<group>"; };
		34E9B7F82760EC2300087D5F /* puzzle_input.txt */ = {isa = PBXFileReference; lastKnownFileType = text; path = puzzle_input.txt; sourceTree = "<group>"; };
		34E9B7FD2762365C00087D5F /* Day9 */ = {isa = PBXFileReference; explicitFileType = "compiled.mach-o.executable"; includeInIndex = 0; path = Day9; sourceTree = BUILT_PRODUCTS_DIR; };
		34E9B7FF2762365C00087D5F /* main.swift */ = {isa = PBXFileReference; lastKnownFileType = sourcecode.swift; path = main.swift; sourceTree = "<group>"; };
		34E9B806276236A500087D5F /* test_input.txt */ = {isa = PBXFileReference; lastKnownFileType = text; path = test_input.txt; sourceTree = "<group>"; };
		34E9B8072762370000087D5F /* Grid.swift */ = {isa = PBXFileReference; lastKnownFileType = sourcecode.swift; path = Grid.swift; sourceTree = "<group>"; };
		34E9B80B27623CBB00087D5F /* puzzle_input.txt */ = {isa = PBXFileReference; lastKnownFileType = text; path = puzzle_input.txt; sourceTree = "<group>"; };
		34E9B8102763877D00087D5F /* Day10 */ = {isa = PBXFileReference; explicitFileType = "compiled.mach-o.executable"; includeInIndex = 0; path = Day10; sourceTree = BUILT_PRODUCTS_DIR; };
		34E9B8122763877D00087D5F /* main.swift */ = {isa = PBXFileReference; lastKnownFileType = sourcecode.swift; path = main.swift; sourceTree = "<group>"; };
		34E9B81B2763879800087D5F /* test_input.txt */ = {isa = PBXFileReference; lastKnownFileType = text; path = test_input.txt; sourceTree = "<group>"; };
		34E9B81C2763883C00087D5F /* Line.swift */ = {isa = PBXFileReference; lastKnownFileType = sourcecode.swift; path = Line.swift; sourceTree = "<group>"; };
		34E9B81E27638C4F00087D5F /* puzzle_input.txt */ = {isa = PBXFileReference; lastKnownFileType = text; path = puzzle_input.txt; sourceTree = "<group>"; };
		34E9B8232764EC9300087D5F /* Day11 */ = {isa = PBXFileReference; explicitFileType = "compiled.mach-o.executable"; includeInIndex = 0; path = Day11; sourceTree = BUILT_PRODUCTS_DIR; };
		34E9B8252764EC9300087D5F /* main.swift */ = {isa = PBXFileReference; lastKnownFileType = sourcecode.swift; path = main.swift; sourceTree = "<group>"; };
		34E9B82C2764ECA500087D5F /* test_input.txt */ = {isa = PBXFileReference; lastKnownFileType = text; path = test_input.txt; sourceTree = "<group>"; };
		34E9B82D2764ECF400087D5F /* Grid.swift */ = {isa = PBXFileReference; lastKnownFileType = sourcecode.swift; path = Grid.swift; sourceTree = "<group>"; };
		34E9B82F2764F45900087D5F /* puzzle_input.txt */ = {isa = PBXFileReference; lastKnownFileType = text; path = puzzle_input.txt; sourceTree = "<group>"; };
		34E9B8342766502200087D5F /* Day12 */ = {isa = PBXFileReference; explicitFileType = "compiled.mach-o.executable"; includeInIndex = 0; path = Day12; sourceTree = BUILT_PRODUCTS_DIR; };
		34E9B8362766502200087D5F /* main.swift */ = {isa = PBXFileReference; lastKnownFileType = sourcecode.swift; path = main.swift; sourceTree = "<group>"; };
		34E9B83D2766506100087D5F /* test_input_1.txt */ = {isa = PBXFileReference; lastKnownFileType = text; path = test_input_1.txt; sourceTree = "<group>"; };
		34E9B83E276650A900087D5F /* Cave.swift */ = {isa = PBXFileReference; lastKnownFileType = sourcecode.swift; path = Cave.swift; sourceTree = "<group>"; };
/* End PBXFileReference section */

/* Begin PBXFrameworksBuildPhase section */
		34C9DA01274C4EC400ACB703 /* Frameworks */ = {
			isa = PBXFrameworksBuildPhase;
			buildActionMask = 2147483647;
			files = (
				34E9B77A2757B6F200087D5F /* Algorithms in Frameworks */,
				34C9DA0E274C4F9200ACB703 /* AdventOfCodeUtilities in Frameworks */,
			);
			runOnlyForDeploymentPostprocessing = 0;
		};
		34E9B77D2758FD8700087D5F /* Frameworks */ = {
			isa = PBXFrameworksBuildPhase;
			buildActionMask = 2147483647;
			files = (
				34E9B78C2758FFB000087D5F /* AdventOfCodeUtilities in Frameworks */,
			);
			runOnlyForDeploymentPostprocessing = 0;
		};
		34E9B78E275A53B400087D5F /* Frameworks */ = {
			isa = PBXFrameworksBuildPhase;
			buildActionMask = 2147483647;
			files = (
				34E9B79B275A541D00087D5F /* AdventOfCodeUtilities in Frameworks */,
			);
			runOnlyForDeploymentPostprocessing = 0;
		};
		34E9B79D275BB7C800087D5F /* Frameworks */ = {
			isa = PBXFrameworksBuildPhase;
			buildActionMask = 2147483647;
			files = (
				34E9B7AE275BBF1D00087D5F /* Algorithms in Frameworks */,
				34E9B7AC275BBF1800087D5F /* AdventOfCodeUtilities in Frameworks */,
			);
			runOnlyForDeploymentPostprocessing = 0;
		};
		34E9B7B0275D066500087D5F /* Frameworks */ = {
			isa = PBXFrameworksBuildPhase;
			buildActionMask = 2147483647;
			files = (
				34E9B7C1275D0AB300087D5F /* Algorithms in Frameworks */,
				34E9B7BB275D066C00087D5F /* AdventOfCodeUtilities in Frameworks */,
			);
			runOnlyForDeploymentPostprocessing = 0;
		};
		34E9B7C3275E46C200087D5F /* Frameworks */ = {
			isa = PBXFrameworksBuildPhase;
			buildActionMask = 2147483647;
			files = (
				34E9B7CE275E46C700087D5F /* AdventOfCodeUtilities in Frameworks */,
			);
			runOnlyForDeploymentPostprocessing = 0;
		};
		34E9B7D4275F927900087D5F /* Frameworks */ = {
			isa = PBXFrameworksBuildPhase;
			buildActionMask = 2147483647;
			files = (
				34E9B7E2275F931900087D5F /* Algorithms in Frameworks */,
				34E9B7E0275F92A900087D5F /* AdventOfCodeUtilities in Frameworks */,
			);
			runOnlyForDeploymentPostprocessing = 0;
		};
		34E9B7E52760E56100087D5F /* Frameworks */ = {
			isa = PBXFrameworksBuildPhase;
			buildActionMask = 2147483647;
			files = (
				34E9B7F02760E56700087D5F /* AdventOfCodeUtilities in Frameworks */,
			);
			runOnlyForDeploymentPostprocessing = 0;
		};
		34E9B7FA2762365C00087D5F /* Frameworks */ = {
			isa = PBXFrameworksBuildPhase;
			buildActionMask = 2147483647;
			files = (
				34E9B80A27623BD500087D5F /* Algorithms in Frameworks */,
				34E9B8052762366000087D5F /* AdventOfCodeUtilities in Frameworks */,
			);
			runOnlyForDeploymentPostprocessing = 0;
		};
		34E9B80D2763877D00087D5F /* Frameworks */ = {
			isa = PBXFrameworksBuildPhase;
			buildActionMask = 2147483647;
			files = (
				34E9B81A2763878D00087D5F /* Collections in Frameworks */,
				34E9B8182763878800087D5F /* AdventOfCodeUtilities in Frameworks */,
			);
			runOnlyForDeploymentPostprocessing = 0;
		};
		34E9B8202764EC9300087D5F /* Frameworks */ = {
			isa = PBXFrameworksBuildPhase;
			buildActionMask = 2147483647;
			files = (
				34E9B82B2764EC9800087D5F /* AdventOfCodeUtilities in Frameworks */,
			);
			runOnlyForDeploymentPostprocessing = 0;
		};
		34E9B8312766502200087D5F /* Frameworks */ = {
			isa = PBXFrameworksBuildPhase;
			buildActionMask = 2147483647;
			files = (
				34E9B83C2766502C00087D5F /* AdventOfCodeUtilities in Frameworks */,
			);
			runOnlyForDeploymentPostprocessing = 0;
		};
/* End PBXFrameworksBuildPhase section */

/* Begin PBXGroup section */
		34C9D9E0274C4D0600ACB703 = {
			isa = PBXGroup;
			children = (
				34C9DA05274C4EC400ACB703 /* Day1 */,
				34E9B7812758FD8700087D5F /* Day2 */,
				34E9B792275A53B400087D5F /* Day3 */,
				34E9B7A1275BB7C800087D5F /* Day4 */,
				34E9B7B4275D066500087D5F /* Day5 */,
				34E9B7C7275E46C200087D5F /* Day6 */,
				34E9B7D8275F927900087D5F /* Day7 */,
				34E9B7E92760E56100087D5F /* Day8 */,
				34E9B7FE2762365C00087D5F /* Day9 */,
				34E9B8112763877D00087D5F /* Day10 */,
				34E9B8242764EC9300087D5F /* Day11 */,
				34E9B8352766502200087D5F /* Day12 */,
				34C9D9EA274C4D0700ACB703 /* Products */,
				34C9DA0C274C4F9200ACB703 /* Frameworks */,
			);
			sourceTree = "<group>";
		};
		34C9D9EA274C4D0700ACB703 /* Products */ = {
			isa = PBXGroup;
			children = (
				34C9DA04274C4EC400ACB703 /* Day1 */,
				34E9B7802758FD8700087D5F /* Day2 */,
				34E9B791275A53B400087D5F /* Day3 */,
				34E9B7A0275BB7C800087D5F /* Day4 */,
				34E9B7B3275D066500087D5F /* Day5 */,
				34E9B7C6275E46C200087D5F /* Day6 */,
				34E9B7D7275F927900087D5F /* Day7 */,
				34E9B7E82760E56100087D5F /* Day8 */,
				34E9B7FD2762365C00087D5F /* Day9 */,
				34E9B8102763877D00087D5F /* Day10 */,
				34E9B8232764EC9300087D5F /* Day11 */,
				34E9B8342766502200087D5F /* Day12 */,
			);
			name = Products;
			sourceTree = "<group>";
		};
		34C9DA05274C4EC400ACB703 /* Day1 */ = {
			isa = PBXGroup;
			children = (
				34C9DA06274C4EC400ACB703 /* main.swift */,
				34C9DA0B274C4EE800ACB703 /* puzzle_input.txt */,
				34E9B77B2757B7A700087D5F /* test_input.txt */,
			);
			path = Day1;
			sourceTree = "<group>";
		};
		34C9DA0C274C4F9200ACB703 /* Frameworks */ = {
			isa = PBXGroup;
			children = (
			);
			name = Frameworks;
			sourceTree = "<group>";
		};
		34E9B7812758FD8700087D5F /* Day2 */ = {
			isa = PBXGroup;
			children = (
				34E9B7822758FD8700087D5F /* main.swift */,
				34E9B7872758FDAA00087D5F /* puzzle_input.txt */,
				34E9B7882758FDB500087D5F /* test_input.txt */,
				34E9B7892758FE1900087D5F /* Submarine.swift */,
			);
			path = Day2;
			sourceTree = "<group>";
		};
		34E9B792275A53B400087D5F /* Day3 */ = {
			isa = PBXGroup;
			children = (
				34E9B793275A53B400087D5F /* main.swift */,
				34E9B798275A53E900087D5F /* puzzle_input.txt */,
				34E9B799275A53F200087D5F /* test_input.txt */,
			);
			path = Day3;
			sourceTree = "<group>";
		};
		34E9B7A1275BB7C800087D5F /* Day4 */ = {
			isa = PBXGroup;
			children = (
				34E9B7A2275BB7C800087D5F /* main.swift */,
				34E9B7A7275BB7D500087D5F /* BingoBoard.swift */,
				34E9B7A9275BBCD200087D5F /* test_input.txt */,
				34E9B7AA275BBCED00087D5F /* puzzle_input.txt */,
			);
			path = Day4;
			sourceTree = "<group>";
		};
		34E9B7B4275D066500087D5F /* Day5 */ = {
			isa = PBXGroup;
			children = (
				34E9B7B5275D066500087D5F /* main.swift */,
				34E9B7BE275D06C600087D5F /* Line.swift */,
				34E9B7BC275D069800087D5F /* test_input.txt */,
				34E9B7BD275D06A500087D5F /* puzzle_input.txt */,
			);
			path = Day5;
			sourceTree = "<group>";
		};
		34E9B7C7275E46C200087D5F /* Day6 */ = {
			isa = PBXGroup;
			children = (
				34E9B7C8275E46C200087D5F /* main.swift */,
				34E9B7CF275E46D400087D5F /* test_input.txt */,
				34E9B7D0275E46E000087D5F /* puzzle_input.txt */,
				34E9B7D1275E479D00087D5F /* Lanternfish.swift */,
			);
			path = Day6;
			sourceTree = "<group>";
		};
		34E9B7D8275F927900087D5F /* Day7 */ = {
			isa = PBXGroup;
			children = (
				34E9B7D9275F927900087D5F /* main.swift */,
				34E9B7DE275F928500087D5F /* test_input.txt */,
				34E9B7E3275F95B900087D5F /* puzzle_input.txt */,
			);
			path = Day7;
			sourceTree = "<group>";
		};
		34E9B7E92760E56100087D5F /* Day8 */ = {
			isa = PBXGroup;
			children = (
				34E9B7EA2760E56100087D5F /* main.swift */,
				34E9B7F42760EA6000087D5F /* Entry.swift */,
				34E9B7F12760E59E00087D5F /* test_input.txt */,
				34E9B7F82760EC2300087D5F /* puzzle_input.txt */,
			);
			path = Day8;
			sourceTree = "<group>";
		};
		34E9B7FE2762365C00087D5F /* Day9 */ = {
			isa = PBXGroup;
			children = (
				34E9B7FF2762365C00087D5F /* main.swift */,
				34E9B8072762370000087D5F /* Grid.swift */,
				34E9B806276236A500087D5F /* test_input.txt */,
				34E9B80B27623CBB00087D5F /* puzzle_input.txt */,
			);
			path = Day9;
			sourceTree = "<group>";
		};
		34E9B8112763877D00087D5F /* Day10 */ = {
			isa = PBXGroup;
			children = (
				34E9B8122763877D00087D5F /* main.swift */,
				34E9B81C2763883C00087D5F /* Line.swift */,
				34E9B81B2763879800087D5F /* test_input.txt */,
				34E9B81E27638C4F00087D5F /* puzzle_input.txt */,
			);
			path = Day10;
			sourceTree = "<group>";
		};
		34E9B8242764EC9300087D5F /* Day11 */ = {
			isa = PBXGroup;
			children = (
				34E9B8252764EC9300087D5F /* main.swift */,
				34E9B82D2764ECF400087D5F /* Grid.swift */,
				34E9B82C2764ECA500087D5F /* test_input.txt */,
				34E9B82F2764F45900087D5F /* puzzle_input.txt */,
			);
			path = Day11;
			sourceTree = "<group>";
		};
		34E9B8352766502200087D5F /* Day12 */ = {
			isa = PBXGroup;
			children = (
				34E9B8362766502200087D5F /* main.swift */,
				34E9B83E276650A900087D5F /* Cave.swift */,
				34E9B83D2766506100087D5F /* test_input_1.txt */,
				3495CEB027665C33000966E9 /* test_input_2.txt */,
				3495CEB127665C64000966E9 /* test_input_3.txt */,
				3495CEB227665C8B000966E9 /* puzzle_input.txt */,
			);
			path = Day12;
			sourceTree = "<group>";
		};
/* End PBXGroup section */

/* Begin PBXNativeTarget section */
		34C9DA03274C4EC400ACB703 /* Day1 */ = {
			isa = PBXNativeTarget;
			buildConfigurationList = 34C9DA08274C4EC400ACB703 /* Build configuration list for PBXNativeTarget "Day1" */;
			buildPhases = (
				34C9DA00274C4EC400ACB703 /* Sources */,
				34C9DA01274C4EC400ACB703 /* Frameworks */,
				34C9DA02274C4EC400ACB703 /* CopyFiles */,
			);
			buildRules = (
			);
			dependencies = (
			);
			name = Day1;
			packageProductDependencies = (
				34C9DA0D274C4F9200ACB703 /* AdventOfCodeUtilities */,
				34E9B7792757B6F200087D5F /* Algorithms */,
			);
			productName = Day1;
			productReference = 34C9DA04274C4EC400ACB703 /* Day1 */;
			productType = "com.apple.product-type.tool";
		};
		34E9B77F2758FD8700087D5F /* Day2 */ = {
			isa = PBXNativeTarget;
			buildConfigurationList = 34E9B7842758FD8700087D5F /* Build configuration list for PBXNativeTarget "Day2" */;
			buildPhases = (
				34E9B77C2758FD8700087D5F /* Sources */,
				34E9B77D2758FD8700087D5F /* Frameworks */,
				34E9B77E2758FD8700087D5F /* CopyFiles */,
			);
			buildRules = (
			);
			dependencies = (
			);
			name = Day2;
			packageProductDependencies = (
				34E9B78B2758FFB000087D5F /* AdventOfCodeUtilities */,
			);
			productName = Day2;
			productReference = 34E9B7802758FD8700087D5F /* Day2 */;
			productType = "com.apple.product-type.tool";
		};
		34E9B790275A53B400087D5F /* Day3 */ = {
			isa = PBXNativeTarget;
			buildConfigurationList = 34E9B797275A53B400087D5F /* Build configuration list for PBXNativeTarget "Day3" */;
			buildPhases = (
				34E9B78D275A53B400087D5F /* Sources */,
				34E9B78E275A53B400087D5F /* Frameworks */,
				34E9B78F275A53B400087D5F /* CopyFiles */,
			);
			buildRules = (
			);
			dependencies = (
			);
			name = Day3;
			packageProductDependencies = (
				34E9B79A275A541D00087D5F /* AdventOfCodeUtilities */,
			);
			productName = Day3;
			productReference = 34E9B791275A53B400087D5F /* Day3 */;
			productType = "com.apple.product-type.tool";
		};
		34E9B79F275BB7C800087D5F /* Day4 */ = {
			isa = PBXNativeTarget;
			buildConfigurationList = 34E9B7A6275BB7C800087D5F /* Build configuration list for PBXNativeTarget "Day4" */;
			buildPhases = (
				34E9B79C275BB7C800087D5F /* Sources */,
				34E9B79D275BB7C800087D5F /* Frameworks */,
				34E9B79E275BB7C800087D5F /* CopyFiles */,
			);
			buildRules = (
			);
			dependencies = (
			);
			name = Day4;
			packageProductDependencies = (
				34E9B7AB275BBF1800087D5F /* AdventOfCodeUtilities */,
				34E9B7AD275BBF1D00087D5F /* Algorithms */,
			);
			productName = Day4;
			productReference = 34E9B7A0275BB7C800087D5F /* Day4 */;
			productType = "com.apple.product-type.tool";
		};
		34E9B7B2275D066500087D5F /* Day5 */ = {
			isa = PBXNativeTarget;
			buildConfigurationList = 34E9B7B9275D066500087D5F /* Build configuration list for PBXNativeTarget "Day5" */;
			buildPhases = (
				34E9B7AF275D066500087D5F /* Sources */,
				34E9B7B0275D066500087D5F /* Frameworks */,
				34E9B7B1275D066500087D5F /* CopyFiles */,
			);
			buildRules = (
			);
			dependencies = (
			);
			name = Day5;
			packageProductDependencies = (
				34E9B7BA275D066C00087D5F /* AdventOfCodeUtilities */,
				34E9B7C0275D0AB300087D5F /* Algorithms */,
			);
			productName = Day5;
			productReference = 34E9B7B3275D066500087D5F /* Day5 */;
			productType = "com.apple.product-type.tool";
		};
		34E9B7C5275E46C200087D5F /* Day6 */ = {
			isa = PBXNativeTarget;
			buildConfigurationList = 34E9B7CA275E46C200087D5F /* Build configuration list for PBXNativeTarget "Day6" */;
			buildPhases = (
				34E9B7C2275E46C200087D5F /* Sources */,
				34E9B7C3275E46C200087D5F /* Frameworks */,
				34E9B7C4275E46C200087D5F /* CopyFiles */,
			);
			buildRules = (
			);
			dependencies = (
			);
			name = Day6;
			packageProductDependencies = (
				34E9B7CD275E46C700087D5F /* AdventOfCodeUtilities */,
			);
			productName = Day6;
			productReference = 34E9B7C6275E46C200087D5F /* Day6 */;
			productType = "com.apple.product-type.tool";
		};
		34E9B7D6275F927900087D5F /* Day7 */ = {
			isa = PBXNativeTarget;
			buildConfigurationList = 34E9B7DB275F927900087D5F /* Build configuration list for PBXNativeTarget "Day7" */;
			buildPhases = (
				34E9B7D3275F927900087D5F /* Sources */,
				34E9B7D4275F927900087D5F /* Frameworks */,
				34E9B7D5275F927900087D5F /* CopyFiles */,
			);
			buildRules = (
			);
			dependencies = (
			);
			name = Day7;
			packageProductDependencies = (
				34E9B7DF275F92A900087D5F /* AdventOfCodeUtilities */,
				34E9B7E1275F931900087D5F /* Algorithms */,
			);
			productName = Day7;
			productReference = 34E9B7D7275F927900087D5F /* Day7 */;
			productType = "com.apple.product-type.tool";
		};
		34E9B7E72760E56100087D5F /* Day8 */ = {
			isa = PBXNativeTarget;
			buildConfigurationList = 34E9B7EC2760E56100087D5F /* Build configuration list for PBXNativeTarget "Day8" */;
			buildPhases = (
				34E9B7E42760E56100087D5F /* Sources */,
				34E9B7E52760E56100087D5F /* Frameworks */,
				34E9B7E62760E56100087D5F /* CopyFiles */,
			);
			buildRules = (
			);
			dependencies = (
			);
			name = Day8;
			packageProductDependencies = (
				34E9B7EF2760E56700087D5F /* AdventOfCodeUtilities */,
			);
			productName = Day8;
			productReference = 34E9B7E82760E56100087D5F /* Day8 */;
			productType = "com.apple.product-type.tool";
		};
		34E9B7FC2762365C00087D5F /* Day9 */ = {
			isa = PBXNativeTarget;
			buildConfigurationList = 34E9B8012762365C00087D5F /* Build configuration list for PBXNativeTarget "Day9" */;
			buildPhases = (
				34E9B7F92762365C00087D5F /* Sources */,
				34E9B7FA2762365C00087D5F /* Frameworks */,
				34E9B7FB2762365C00087D5F /* CopyFiles */,
			);
			buildRules = (
			);
			dependencies = (
			);
			name = Day9;
			packageProductDependencies = (
				34E9B8042762366000087D5F /* AdventOfCodeUtilities */,
				34E9B80927623BD500087D5F /* Algorithms */,
			);
			productName = Day9;
			productReference = 34E9B7FD2762365C00087D5F /* Day9 */;
			productType = "com.apple.product-type.tool";
		};
		34E9B80F2763877D00087D5F /* Day10 */ = {
			isa = PBXNativeTarget;
			buildConfigurationList = 34E9B8142763877D00087D5F /* Build configuration list for PBXNativeTarget "Day10" */;
			buildPhases = (
				34E9B80C2763877D00087D5F /* Sources */,
				34E9B80D2763877D00087D5F /* Frameworks */,
				34E9B80E2763877D00087D5F /* CopyFiles */,
			);
			buildRules = (
			);
			dependencies = (
			);
			name = Day10;
			packageProductDependencies = (
				34E9B8172763878800087D5F /* AdventOfCodeUtilities */,
				34E9B8192763878D00087D5F /* Collections */,
			);
			productName = Day10;
			productReference = 34E9B8102763877D00087D5F /* Day10 */;
			productType = "com.apple.product-type.tool";
		};
		34E9B8222764EC9300087D5F /* Day11 */ = {
			isa = PBXNativeTarget;
			buildConfigurationList = 34E9B8292764EC9300087D5F /* Build configuration list for PBXNativeTarget "Day11" */;
			buildPhases = (
				34E9B81F2764EC9300087D5F /* Sources */,
				34E9B8202764EC9300087D5F /* Frameworks */,
				34E9B8212764EC9300087D5F /* CopyFiles */,
			);
			buildRules = (
			);
			dependencies = (
			);
			name = Day11;
			packageProductDependencies = (
				34E9B82A2764EC9800087D5F /* AdventOfCodeUtilities */,
			);
			productName = Day11;
			productReference = 34E9B8232764EC9300087D5F /* Day11 */;
			productType = "com.apple.product-type.tool";
		};
		34E9B8332766502200087D5F /* Day12 */ = {
			isa = PBXNativeTarget;
			buildConfigurationList = 34E9B8382766502200087D5F /* Build configuration list for PBXNativeTarget "Day12" */;
			buildPhases = (
				34E9B8302766502200087D5F /* Sources */,
				34E9B8312766502200087D5F /* Frameworks */,
				34E9B8322766502200087D5F /* CopyFiles */,
			);
			buildRules = (
			);
			dependencies = (
			);
			name = Day12;
			packageProductDependencies = (
				34E9B83B2766502C00087D5F /* AdventOfCodeUtilities */,
			);
			productName = Day12;
			productReference = 34E9B8342766502200087D5F /* Day12 */;
			productType = "com.apple.product-type.tool";
		};
/* End PBXNativeTarget section */

/* Begin PBXProject section */
		34C9D9E1274C4D0700ACB703 /* Project object */ = {
			isa = PBXProject;
			attributes = {
				BuildIndependentTargetsInParallel = 1;
				LastSwiftUpdateCheck = 1310;
				LastUpgradeCheck = 1310;
				TargetAttributes = {
					34C9DA03274C4EC400ACB703 = {
						CreatedOnToolsVersion = 13.1;
					};
					34E9B77F2758FD8700087D5F = {
						CreatedOnToolsVersion = 13.1;
					};
					34E9B790275A53B400087D5F = {
						CreatedOnToolsVersion = 13.1;
					};
					34E9B79F275BB7C800087D5F = {
						CreatedOnToolsVersion = 13.1;
					};
					34E9B7B2275D066500087D5F = {
						CreatedOnToolsVersion = 13.1;
					};
					34E9B7C5275E46C200087D5F = {
						CreatedOnToolsVersion = 13.1;
					};
					34E9B7D6275F927900087D5F = {
						CreatedOnToolsVersion = 13.1;
					};
					34E9B7E72760E56100087D5F = {
						CreatedOnToolsVersion = 13.1;
					};
					34E9B7FC2762365C00087D5F = {
						CreatedOnToolsVersion = 13.1;
					};
					34E9B80F2763877D00087D5F = {
						CreatedOnToolsVersion = 13.1;
					};
					34E9B8222764EC9300087D5F = {
						CreatedOnToolsVersion = 13.1;
					};
					34E9B8332766502200087D5F = {
						CreatedOnToolsVersion = 13.1;
					};
				};
			};
			buildConfigurationList = 34C9D9E4274C4D0700ACB703 /* Build configuration list for PBXProject "AdventOfCode2021" */;
			compatibilityVersion = "Xcode 13.0";
			developmentRegion = en;
			hasScannedForEncodings = 0;
			knownRegions = (
				en,
				Base,
			);
			mainGroup = 34C9D9E0274C4D0600ACB703;
			packageReferences = (
				34C9D9F3274C4E2700ACB703 /* XCRemoteSwiftPackageReference "swift-algorithms" */,
				34C9D9F6274C4E6300ACB703 /* XCRemoteSwiftPackageReference "swift-collections" */,
				34C9D9FD274C4EBB00ACB703 /* XCRemoteSwiftPackageReference "AdventOfCodeUtilities" */,
			);
			productRefGroup = 34C9D9EA274C4D0700ACB703 /* Products */;
			projectDirPath = "";
			projectRoot = "";
			targets = (
				34C9DA03274C4EC400ACB703 /* Day1 */,
				34E9B77F2758FD8700087D5F /* Day2 */,
				34E9B790275A53B400087D5F /* Day3 */,
				34E9B79F275BB7C800087D5F /* Day4 */,
				34E9B7B2275D066500087D5F /* Day5 */,
				34E9B7C5275E46C200087D5F /* Day6 */,
				34E9B7D6275F927900087D5F /* Day7 */,
				34E9B7E72760E56100087D5F /* Day8 */,
				34E9B7FC2762365C00087D5F /* Day9 */,
				34E9B80F2763877D00087D5F /* Day10 */,
				34E9B8222764EC9300087D5F /* Day11 */,
				34E9B8332766502200087D5F /* Day12 */,
			);
		};
/* End PBXProject section */

/* Begin PBXSourcesBuildPhase section */
		34C9DA00274C4EC400ACB703 /* Sources */ = {
			isa = PBXSourcesBuildPhase;
			buildActionMask = 2147483647;
			files = (
				34C9DA07274C4EC400ACB703 /* main.swift in Sources */,
			);
			runOnlyForDeploymentPostprocessing = 0;
		};
		34E9B77C2758FD8700087D5F /* Sources */ = {
			isa = PBXSourcesBuildPhase;
			buildActionMask = 2147483647;
			files = (
				34E9B78A2758FE1900087D5F /* Submarine.swift in Sources */,
				34E9B7832758FD8700087D5F /* main.swift in Sources */,
			);
			runOnlyForDeploymentPostprocessing = 0;
		};
		34E9B78D275A53B400087D5F /* Sources */ = {
			isa = PBXSourcesBuildPhase;
			buildActionMask = 2147483647;
			files = (
				34E9B794275A53B400087D5F /* main.swift in Sources */,
			);
			runOnlyForDeploymentPostprocessing = 0;
		};
		34E9B79C275BB7C800087D5F /* Sources */ = {
			isa = PBXSourcesBuildPhase;
			buildActionMask = 2147483647;
			files = (
				34E9B7A8275BB7D500087D5F /* BingoBoard.swift in Sources */,
				34E9B7A3275BB7C800087D5F /* main.swift in Sources */,
			);
			runOnlyForDeploymentPostprocessing = 0;
		};
		34E9B7AF275D066500087D5F /* Sources */ = {
			isa = PBXSourcesBuildPhase;
			buildActionMask = 2147483647;
			files = (
				34E9B7B6275D066500087D5F /* main.swift in Sources */,
				34E9B7BF275D06C600087D5F /* Line.swift in Sources */,
			);
			runOnlyForDeploymentPostprocessing = 0;
		};
		34E9B7C2275E46C200087D5F /* Sources */ = {
			isa = PBXSourcesBuildPhase;
			buildActionMask = 2147483647;
			files = (
				34E9B7D2275E479D00087D5F /* Lanternfish.swift in Sources */,
				34E9B7C9275E46C200087D5F /* main.swift in Sources */,
			);
			runOnlyForDeploymentPostprocessing = 0;
		};
		34E9B7D3275F927900087D5F /* Sources */ = {
			isa = PBXSourcesBuildPhase;
			buildActionMask = 2147483647;
			files = (
				34E9B7DA275F927900087D5F /* main.swift in Sources */,
			);
			runOnlyForDeploymentPostprocessing = 0;
		};
		34E9B7E42760E56100087D5F /* Sources */ = {
			isa = PBXSourcesBuildPhase;
			buildActionMask = 2147483647;
			files = (
				34E9B7F52760EA6000087D5F /* Entry.swift in Sources */,
				34E9B7EB2760E56100087D5F /* main.swift in Sources */,
			);
			runOnlyForDeploymentPostprocessing = 0;
		};
		34E9B7F92762365C00087D5F /* Sources */ = {
			isa = PBXSourcesBuildPhase;
			buildActionMask = 2147483647;
			files = (
				34E9B8002762365C00087D5F /* main.swift in Sources */,
				34E9B8082762370000087D5F /* Grid.swift in Sources */,
			);
			runOnlyForDeploymentPostprocessing = 0;
		};
		34E9B80C2763877D00087D5F /* Sources */ = {
			isa = PBXSourcesBuildPhase;
			buildActionMask = 2147483647;
			files = (
				34E9B8132763877D00087D5F /* main.swift in Sources */,
				34E9B81D2763883C00087D5F /* Line.swift in Sources */,
			);
			runOnlyForDeploymentPostprocessing = 0;
		};
		34E9B81F2764EC9300087D5F /* Sources */ = {
			isa = PBXSourcesBuildPhase;
			buildActionMask = 2147483647;
			files = (
				34E9B8262764EC9300087D5F /* main.swift in Sources */,
				34E9B82E2764ECF400087D5F /* Grid.swift in Sources */,
			);
			runOnlyForDeploymentPostprocessing = 0;
		};
		34E9B8302766502200087D5F /* Sources */ = {
			isa = PBXSourcesBuildPhase;
			buildActionMask = 2147483647;
			files = (
				34E9B83F276650A900087D5F /* Cave.swift in Sources */,
				34E9B8372766502200087D5F /* main.swift in Sources */,
			);
			runOnlyForDeploymentPostprocessing = 0;
		};
/* End PBXSourcesBuildPhase section */

/* Begin XCBuildConfiguration section */
		34C9D9EE274C4D0700ACB703 /* Debug */ = {
			isa = XCBuildConfiguration;
			buildSettings = {
				ALWAYS_SEARCH_USER_PATHS = NO;
				CLANG_ANALYZER_NONNULL = YES;
				CLANG_ANALYZER_NUMBER_OBJECT_CONVERSION = YES_AGGRESSIVE;
				CLANG_CXX_LANGUAGE_STANDARD = "gnu++17";
				CLANG_CXX_LIBRARY = "libc++";
				CLANG_ENABLE_MODULES = YES;
				CLANG_ENABLE_OBJC_ARC = YES;
				CLANG_ENABLE_OBJC_WEAK = YES;
				CLANG_WARN_BLOCK_CAPTURE_AUTORELEASING = YES;
				CLANG_WARN_BOOL_CONVERSION = YES;
				CLANG_WARN_COMMA = YES;
				CLANG_WARN_CONSTANT_CONVERSION = YES;
				CLANG_WARN_DEPRECATED_OBJC_IMPLEMENTATIONS = YES;
				CLANG_WARN_DIRECT_OBJC_ISA_USAGE = YES_ERROR;
				CLANG_WARN_DOCUMENTATION_COMMENTS = YES;
				CLANG_WARN_EMPTY_BODY = YES;
				CLANG_WARN_ENUM_CONVERSION = YES;
				CLANG_WARN_INFINITE_RECURSION = YES;
				CLANG_WARN_INT_CONVERSION = YES;
				CLANG_WARN_NON_LITERAL_NULL_CONVERSION = YES;
				CLANG_WARN_OBJC_IMPLICIT_RETAIN_SELF = YES;
				CLANG_WARN_OBJC_LITERAL_CONVERSION = YES;
				CLANG_WARN_OBJC_ROOT_CLASS = YES_ERROR;
				CLANG_WARN_QUOTED_INCLUDE_IN_FRAMEWORK_HEADER = YES;
				CLANG_WARN_RANGE_LOOP_ANALYSIS = YES;
				CLANG_WARN_STRICT_PROTOTYPES = YES;
				CLANG_WARN_SUSPICIOUS_MOVE = YES;
				CLANG_WARN_UNGUARDED_AVAILABILITY = YES_AGGRESSIVE;
				CLANG_WARN_UNREACHABLE_CODE = YES;
				CLANG_WARN__DUPLICATE_METHOD_MATCH = YES;
				COPY_PHASE_STRIP = NO;
				DEBUG_INFORMATION_FORMAT = dwarf;
				ENABLE_STRICT_OBJC_MSGSEND = YES;
				ENABLE_TESTABILITY = YES;
				GCC_C_LANGUAGE_STANDARD = gnu11;
				GCC_DYNAMIC_NO_PIC = NO;
				GCC_NO_COMMON_BLOCKS = YES;
				GCC_OPTIMIZATION_LEVEL = 0;
				GCC_PREPROCESSOR_DEFINITIONS = (
					"DEBUG=1",
					"$(inherited)",
				);
				GCC_WARN_64_TO_32_BIT_CONVERSION = YES;
				GCC_WARN_ABOUT_RETURN_TYPE = YES_ERROR;
				GCC_WARN_UNDECLARED_SELECTOR = YES;
				GCC_WARN_UNINITIALIZED_AUTOS = YES_AGGRESSIVE;
				GCC_WARN_UNUSED_FUNCTION = YES;
				GCC_WARN_UNUSED_VARIABLE = YES;
				MACOSX_DEPLOYMENT_TARGET = 11.6;
				MTL_ENABLE_DEBUG_INFO = INCLUDE_SOURCE;
				MTL_FAST_MATH = YES;
				ONLY_ACTIVE_ARCH = YES;
				SDKROOT = macosx;
				SWIFT_ACTIVE_COMPILATION_CONDITIONS = DEBUG;
				SWIFT_OPTIMIZATION_LEVEL = "-Onone";
			};
			name = Debug;
		};
		34C9D9EF274C4D0700ACB703 /* Release */ = {
			isa = XCBuildConfiguration;
			buildSettings = {
				ALWAYS_SEARCH_USER_PATHS = NO;
				CLANG_ANALYZER_NONNULL = YES;
				CLANG_ANALYZER_NUMBER_OBJECT_CONVERSION = YES_AGGRESSIVE;
				CLANG_CXX_LANGUAGE_STANDARD = "gnu++17";
				CLANG_CXX_LIBRARY = "libc++";
				CLANG_ENABLE_MODULES = YES;
				CLANG_ENABLE_OBJC_ARC = YES;
				CLANG_ENABLE_OBJC_WEAK = YES;
				CLANG_WARN_BLOCK_CAPTURE_AUTORELEASING = YES;
				CLANG_WARN_BOOL_CONVERSION = YES;
				CLANG_WARN_COMMA = YES;
				CLANG_WARN_CONSTANT_CONVERSION = YES;
				CLANG_WARN_DEPRECATED_OBJC_IMPLEMENTATIONS = YES;
				CLANG_WARN_DIRECT_OBJC_ISA_USAGE = YES_ERROR;
				CLANG_WARN_DOCUMENTATION_COMMENTS = YES;
				CLANG_WARN_EMPTY_BODY = YES;
				CLANG_WARN_ENUM_CONVERSION = YES;
				CLANG_WARN_INFINITE_RECURSION = YES;
				CLANG_WARN_INT_CONVERSION = YES;
				CLANG_WARN_NON_LITERAL_NULL_CONVERSION = YES;
				CLANG_WARN_OBJC_IMPLICIT_RETAIN_SELF = YES;
				CLANG_WARN_OBJC_LITERAL_CONVERSION = YES;
				CLANG_WARN_OBJC_ROOT_CLASS = YES_ERROR;
				CLANG_WARN_QUOTED_INCLUDE_IN_FRAMEWORK_HEADER = YES;
				CLANG_WARN_RANGE_LOOP_ANALYSIS = YES;
				CLANG_WARN_STRICT_PROTOTYPES = YES;
				CLANG_WARN_SUSPICIOUS_MOVE = YES;
				CLANG_WARN_UNGUARDED_AVAILABILITY = YES_AGGRESSIVE;
				CLANG_WARN_UNREACHABLE_CODE = YES;
				CLANG_WARN__DUPLICATE_METHOD_MATCH = YES;
				COPY_PHASE_STRIP = NO;
				DEBUG_INFORMATION_FORMAT = "dwarf-with-dsym";
				ENABLE_NS_ASSERTIONS = NO;
				ENABLE_STRICT_OBJC_MSGSEND = YES;
				GCC_C_LANGUAGE_STANDARD = gnu11;
				GCC_NO_COMMON_BLOCKS = YES;
				GCC_WARN_64_TO_32_BIT_CONVERSION = YES;
				GCC_WARN_ABOUT_RETURN_TYPE = YES_ERROR;
				GCC_WARN_UNDECLARED_SELECTOR = YES;
				GCC_WARN_UNINITIALIZED_AUTOS = YES_AGGRESSIVE;
				GCC_WARN_UNUSED_FUNCTION = YES;
				GCC_WARN_UNUSED_VARIABLE = YES;
				MACOSX_DEPLOYMENT_TARGET = 11.6;
				MTL_ENABLE_DEBUG_INFO = NO;
				MTL_FAST_MATH = YES;
				SDKROOT = macosx;
				SWIFT_COMPILATION_MODE = wholemodule;
				SWIFT_OPTIMIZATION_LEVEL = "-O";
			};
			name = Release;
		};
		34C9DA09274C4EC400ACB703 /* Debug */ = {
			isa = XCBuildConfiguration;
			buildSettings = {
				CODE_SIGN_STYLE = Automatic;
				PRODUCT_NAME = "$(TARGET_NAME)";
				SWIFT_VERSION = 5.0;
			};
			name = Debug;
		};
		34C9DA0A274C4EC400ACB703 /* Release */ = {
			isa = XCBuildConfiguration;
			buildSettings = {
				CODE_SIGN_STYLE = Automatic;
				PRODUCT_NAME = "$(TARGET_NAME)";
				SWIFT_VERSION = 5.0;
			};
			name = Release;
		};
		34E9B7852758FD8700087D5F /* Debug */ = {
			isa = XCBuildConfiguration;
			buildSettings = {
				CODE_SIGN_STYLE = Automatic;
				PRODUCT_NAME = "$(TARGET_NAME)";
				SWIFT_VERSION = 5.0;
			};
			name = Debug;
		};
		34E9B7862758FD8700087D5F /* Release */ = {
			isa = XCBuildConfiguration;
			buildSettings = {
				CODE_SIGN_STYLE = Automatic;
				PRODUCT_NAME = "$(TARGET_NAME)";
				SWIFT_VERSION = 5.0;
			};
			name = Release;
		};
		34E9B795275A53B400087D5F /* Debug */ = {
			isa = XCBuildConfiguration;
			buildSettings = {
				CODE_SIGN_STYLE = Automatic;
				PRODUCT_NAME = "$(TARGET_NAME)";
				SWIFT_VERSION = 5.0;
			};
			name = Debug;
		};
		34E9B796275A53B400087D5F /* Release */ = {
			isa = XCBuildConfiguration;
			buildSettings = {
				CODE_SIGN_STYLE = Automatic;
				PRODUCT_NAME = "$(TARGET_NAME)";
				SWIFT_VERSION = 5.0;
			};
			name = Release;
		};
		34E9B7A4275BB7C800087D5F /* Debug */ = {
			isa = XCBuildConfiguration;
			buildSettings = {
				CODE_SIGN_STYLE = Automatic;
				PRODUCT_NAME = "$(TARGET_NAME)";
				SWIFT_VERSION = 5.0;
			};
			name = Debug;
		};
		34E9B7A5275BB7C800087D5F /* Release */ = {
			isa = XCBuildConfiguration;
			buildSettings = {
				CODE_SIGN_STYLE = Automatic;
				PRODUCT_NAME = "$(TARGET_NAME)";
				SWIFT_VERSION = 5.0;
			};
			name = Release;
		};
		34E9B7B7275D066500087D5F /* Debug */ = {
			isa = XCBuildConfiguration;
			buildSettings = {
				CODE_SIGN_STYLE = Automatic;
				PRODUCT_NAME = "$(TARGET_NAME)";
				SWIFT_VERSION = 5.0;
			};
			name = Debug;
		};
		34E9B7B8275D066500087D5F /* Release */ = {
			isa = XCBuildConfiguration;
			buildSettings = {
				CODE_SIGN_STYLE = Automatic;
				PRODUCT_NAME = "$(TARGET_NAME)";
				SWIFT_VERSION = 5.0;
			};
			name = Release;
		};
		34E9B7CB275E46C200087D5F /* Debug */ = {
			isa = XCBuildConfiguration;
			buildSettings = {
				CODE_SIGN_STYLE = Automatic;
				PRODUCT_NAME = "$(TARGET_NAME)";
				SWIFT_VERSION = 5.0;
			};
			name = Debug;
		};
		34E9B7CC275E46C200087D5F /* Release */ = {
			isa = XCBuildConfiguration;
			buildSettings = {
				CODE_SIGN_STYLE = Automatic;
				PRODUCT_NAME = "$(TARGET_NAME)";
				SWIFT_VERSION = 5.0;
			};
			name = Release;
		};
		34E9B7DC275F927900087D5F /* Debug */ = {
			isa = XCBuildConfiguration;
			buildSettings = {
				CODE_SIGN_STYLE = Automatic;
				PRODUCT_NAME = "$(TARGET_NAME)";
				SWIFT_VERSION = 5.0;
			};
			name = Debug;
		};
		34E9B7DD275F927900087D5F /* Release */ = {
			isa = XCBuildConfiguration;
			buildSettings = {
				CODE_SIGN_STYLE = Automatic;
				PRODUCT_NAME = "$(TARGET_NAME)";
				SWIFT_VERSION = 5.0;
			};
			name = Release;
		};
		34E9B7ED2760E56100087D5F /* Debug */ = {
			isa = XCBuildConfiguration;
			buildSettings = {
				CODE_SIGN_STYLE = Automatic;
				PRODUCT_NAME = "$(TARGET_NAME)";
				SWIFT_VERSION = 5.0;
			};
			name = Debug;
		};
		34E9B7EE2760E56100087D5F /* Release */ = {
			isa = XCBuildConfiguration;
			buildSettings = {
				CODE_SIGN_STYLE = Automatic;
				PRODUCT_NAME = "$(TARGET_NAME)";
				SWIFT_VERSION = 5.0;
			};
			name = Release;
		};
		34E9B8022762365C00087D5F /* Debug */ = {
			isa = XCBuildConfiguration;
			buildSettings = {
				CODE_SIGN_STYLE = Automatic;
				PRODUCT_NAME = "$(TARGET_NAME)";
				SWIFT_VERSION = 5.0;
			};
			name = Debug;
		};
		34E9B8032762365C00087D5F /* Release */ = {
			isa = XCBuildConfiguration;
			buildSettings = {
				CODE_SIGN_STYLE = Automatic;
				PRODUCT_NAME = "$(TARGET_NAME)";
				SWIFT_VERSION = 5.0;
			};
			name = Release;
		};
		34E9B8152763877D00087D5F /* Debug */ = {
			isa = XCBuildConfiguration;
			buildSettings = {
				CODE_SIGN_STYLE = Automatic;
				PRODUCT_NAME = "$(TARGET_NAME)";
				SWIFT_VERSION = 5.0;
			};
			name = Debug;
		};
		34E9B8162763877D00087D5F /* Release */ = {
			isa = XCBuildConfiguration;
			buildSettings = {
				CODE_SIGN_STYLE = Automatic;
				PRODUCT_NAME = "$(TARGET_NAME)";
				SWIFT_VERSION = 5.0;
			};
			name = Release;
		};
		34E9B8272764EC9300087D5F /* Debug */ = {
			isa = XCBuildConfiguration;
			buildSettings = {
				CODE_SIGN_STYLE = Automatic;
				PRODUCT_NAME = "$(TARGET_NAME)";
				SWIFT_VERSION = 5.0;
			};
			name = Debug;
		};
		34E9B8282764EC9300087D5F /* Release */ = {
			isa = XCBuildConfiguration;
			buildSettings = {
				CODE_SIGN_STYLE = Automatic;
				PRODUCT_NAME = "$(TARGET_NAME)";
				SWIFT_VERSION = 5.0;
			};
			name = Release;
		};
		34E9B8392766502200087D5F /* Debug */ = {
			isa = XCBuildConfiguration;
			buildSettings = {
				CODE_SIGN_STYLE = Automatic;
				PRODUCT_NAME = "$(TARGET_NAME)";
				SWIFT_VERSION = 5.0;
			};
			name = Debug;
		};
		34E9B83A2766502200087D5F /* Release */ = {
			isa = XCBuildConfiguration;
			buildSettings = {
				CODE_SIGN_STYLE = Automatic;
				PRODUCT_NAME = "$(TARGET_NAME)";
				SWIFT_VERSION = 5.0;
			};
			name = Release;
		};
/* End XCBuildConfiguration section */

/* Begin XCConfigurationList section */
		34C9D9E4274C4D0700ACB703 /* Build configuration list for PBXProject "AdventOfCode2021" */ = {
			isa = XCConfigurationList;
			buildConfigurations = (
				34C9D9EE274C4D0700ACB703 /* Debug */,
				34C9D9EF274C4D0700ACB703 /* Release */,
			);
			defaultConfigurationIsVisible = 0;
			defaultConfigurationName = Release;
		};
		34C9DA08274C4EC400ACB703 /* Build configuration list for PBXNativeTarget "Day1" */ = {
			isa = XCConfigurationList;
			buildConfigurations = (
				34C9DA09274C4EC400ACB703 /* Debug */,
				34C9DA0A274C4EC400ACB703 /* Release */,
			);
			defaultConfigurationIsVisible = 0;
			defaultConfigurationName = Release;
		};
		34E9B7842758FD8700087D5F /* Build configuration list for PBXNativeTarget "Day2" */ = {
			isa = XCConfigurationList;
			buildConfigurations = (
				34E9B7852758FD8700087D5F /* Debug */,
				34E9B7862758FD8700087D5F /* Release */,
			);
			defaultConfigurationIsVisible = 0;
			defaultConfigurationName = Release;
		};
		34E9B797275A53B400087D5F /* Build configuration list for PBXNativeTarget "Day3" */ = {
			isa = XCConfigurationList;
			buildConfigurations = (
				34E9B795275A53B400087D5F /* Debug */,
				34E9B796275A53B400087D5F /* Release */,
			);
			defaultConfigurationIsVisible = 0;
			defaultConfigurationName = Release;
		};
		34E9B7A6275BB7C800087D5F /* Build configuration list for PBXNativeTarget "Day4" */ = {
			isa = XCConfigurationList;
			buildConfigurations = (
				34E9B7A4275BB7C800087D5F /* Debug */,
				34E9B7A5275BB7C800087D5F /* Release */,
			);
			defaultConfigurationIsVisible = 0;
			defaultConfigurationName = Release;
		};
		34E9B7B9275D066500087D5F /* Build configuration list for PBXNativeTarget "Day5" */ = {
			isa = XCConfigurationList;
			buildConfigurations = (
				34E9B7B7275D066500087D5F /* Debug */,
				34E9B7B8275D066500087D5F /* Release */,
			);
			defaultConfigurationIsVisible = 0;
			defaultConfigurationName = Release;
		};
		34E9B7CA275E46C200087D5F /* Build configuration list for PBXNativeTarget "Day6" */ = {
			isa = XCConfigurationList;
			buildConfigurations = (
				34E9B7CB275E46C200087D5F /* Debug */,
				34E9B7CC275E46C200087D5F /* Release */,
			);
			defaultConfigurationIsVisible = 0;
			defaultConfigurationName = Release;
		};
		34E9B7DB275F927900087D5F /* Build configuration list for PBXNativeTarget "Day7" */ = {
			isa = XCConfigurationList;
			buildConfigurations = (
				34E9B7DC275F927900087D5F /* Debug */,
				34E9B7DD275F927900087D5F /* Release */,
			);
			defaultConfigurationIsVisible = 0;
			defaultConfigurationName = Release;
		};
		34E9B7EC2760E56100087D5F /* Build configuration list for PBXNativeTarget "Day8" */ = {
			isa = XCConfigurationList;
			buildConfigurations = (
				34E9B7ED2760E56100087D5F /* Debug */,
				34E9B7EE2760E56100087D5F /* Release */,
			);
			defaultConfigurationIsVisible = 0;
			defaultConfigurationName = Release;
		};
		34E9B8012762365C00087D5F /* Build configuration list for PBXNativeTarget "Day9" */ = {
			isa = XCConfigurationList;
			buildConfigurations = (
				34E9B8022762365C00087D5F /* Debug */,
				34E9B8032762365C00087D5F /* Release */,
			);
			defaultConfigurationIsVisible = 0;
			defaultConfigurationName = Release;
		};
		34E9B8142763877D00087D5F /* Build configuration list for PBXNativeTarget "Day10" */ = {
			isa = XCConfigurationList;
			buildConfigurations = (
				34E9B8152763877D00087D5F /* Debug */,
				34E9B8162763877D00087D5F /* Release */,
			);
			defaultConfigurationIsVisible = 0;
			defaultConfigurationName = Release;
		};
		34E9B8292764EC9300087D5F /* Build configuration list for PBXNativeTarget "Day11" */ = {
			isa = XCConfigurationList;
			buildConfigurations = (
				34E9B8272764EC9300087D5F /* Debug */,
				34E9B8282764EC9300087D5F /* Release */,
			);
			defaultConfigurationIsVisible = 0;
			defaultConfigurationName = Release;
		};
		34E9B8382766502200087D5F /* Build configuration list for PBXNativeTarget "Day12" */ = {
			isa = XCConfigurationList;
			buildConfigurations = (
				34E9B8392766502200087D5F /* Debug */,
				34E9B83A2766502200087D5F /* Release */,
			);
			defaultConfigurationIsVisible = 0;
			defaultConfigurationName = Release;
		};
/* End XCConfigurationList section */

/* Begin XCRemoteSwiftPackageReference section */
		34C9D9F3274C4E2700ACB703 /* XCRemoteSwiftPackageReference "swift-algorithms" */ = {
			isa = XCRemoteSwiftPackageReference;
			repositoryURL = "https://github.com/apple/swift-algorithms.git";
			requirement = {
				kind = upToNextMinorVersion;
				minimumVersion = 1.0.0;
			};
		};
		34C9D9F6274C4E6300ACB703 /* XCRemoteSwiftPackageReference "swift-collections" */ = {
			isa = XCRemoteSwiftPackageReference;
			repositoryURL = "https://github.com/apple/swift-collections.git";
			requirement = {
				kind = upToNextMinorVersion;
				minimumVersion = 1.0.0;
			};
		};
		34C9D9FD274C4EBB00ACB703 /* XCRemoteSwiftPackageReference "AdventOfCodeUtilities" */ = {
			isa = XCRemoteSwiftPackageReference;
			repositoryURL = "https://github.com/OffTheMark/AdventOfCodeUtilities";
			requirement = {
				branch = master;
				kind = branch;
			};
		};
/* End XCRemoteSwiftPackageReference section */

/* Begin XCSwiftPackageProductDependency section */
		34C9DA0D274C4F9200ACB703 /* AdventOfCodeUtilities */ = {
			isa = XCSwiftPackageProductDependency;
			package = 34C9D9FD274C4EBB00ACB703 /* XCRemoteSwiftPackageReference "AdventOfCodeUtilities" */;
			productName = AdventOfCodeUtilities;
		};
		34E9B7792757B6F200087D5F /* Algorithms */ = {
			isa = XCSwiftPackageProductDependency;
			package = 34C9D9F3274C4E2700ACB703 /* XCRemoteSwiftPackageReference "swift-algorithms" */;
			productName = Algorithms;
		};
		34E9B78B2758FFB000087D5F /* AdventOfCodeUtilities */ = {
			isa = XCSwiftPackageProductDependency;
			package = 34C9D9FD274C4EBB00ACB703 /* XCRemoteSwiftPackageReference "AdventOfCodeUtilities" */;
			productName = AdventOfCodeUtilities;
		};
		34E9B79A275A541D00087D5F /* AdventOfCodeUtilities */ = {
			isa = XCSwiftPackageProductDependency;
			package = 34C9D9FD274C4EBB00ACB703 /* XCRemoteSwiftPackageReference "AdventOfCodeUtilities" */;
			productName = AdventOfCodeUtilities;
		};
		34E9B7AB275BBF1800087D5F /* AdventOfCodeUtilities */ = {
			isa = XCSwiftPackageProductDependency;
			package = 34C9D9FD274C4EBB00ACB703 /* XCRemoteSwiftPackageReference "AdventOfCodeUtilities" */;
			productName = AdventOfCodeUtilities;
		};
		34E9B7AD275BBF1D00087D5F /* Algorithms */ = {
			isa = XCSwiftPackageProductDependency;
			package = 34C9D9F3274C4E2700ACB703 /* XCRemoteSwiftPackageReference "swift-algorithms" */;
			productName = Algorithms;
		};
		34E9B7BA275D066C00087D5F /* AdventOfCodeUtilities */ = {
			isa = XCSwiftPackageProductDependency;
			package = 34C9D9FD274C4EBB00ACB703 /* XCRemoteSwiftPackageReference "AdventOfCodeUtilities" */;
			productName = AdventOfCodeUtilities;
		};
		34E9B7C0275D0AB300087D5F /* Algorithms */ = {
			isa = XCSwiftPackageProductDependency;
			package = 34C9D9F3274C4E2700ACB703 /* XCRemoteSwiftPackageReference "swift-algorithms" */;
			productName = Algorithms;
		};
		34E9B7CD275E46C700087D5F /* AdventOfCodeUtilities */ = {
			isa = XCSwiftPackageProductDependency;
			package = 34C9D9FD274C4EBB00ACB703 /* XCRemoteSwiftPackageReference "AdventOfCodeUtilities" */;
			productName = AdventOfCodeUtilities;
		};
		34E9B7DF275F92A900087D5F /* AdventOfCodeUtilities */ = {
			isa = XCSwiftPackageProductDependency;
			package = 34C9D9FD274C4EBB00ACB703 /* XCRemoteSwiftPackageReference "AdventOfCodeUtilities" */;
			productName = AdventOfCodeUtilities;
		};
		34E9B7E1275F931900087D5F /* Algorithms */ = {
			isa = XCSwiftPackageProductDependency;
			package = 34C9D9F3274C4E2700ACB703 /* XCRemoteSwiftPackageReference "swift-algorithms" */;
			productName = Algorithms;
		};
		34E9B7EF2760E56700087D5F /* AdventOfCodeUtilities */ = {
			isa = XCSwiftPackageProductDependency;
			package = 34C9D9FD274C4EBB00ACB703 /* XCRemoteSwiftPackageReference "AdventOfCodeUtilities" */;
			productName = AdventOfCodeUtilities;
		};
		34E9B8042762366000087D5F /* AdventOfCodeUtilities */ = {
			isa = XCSwiftPackageProductDependency;
			package = 34C9D9FD274C4EBB00ACB703 /* XCRemoteSwiftPackageReference "AdventOfCodeUtilities" */;
			productName = AdventOfCodeUtilities;
		};
		34E9B80927623BD500087D5F /* Algorithms */ = {
			isa = XCSwiftPackageProductDependency;
			package = 34C9D9F3274C4E2700ACB703 /* XCRemoteSwiftPackageReference "swift-algorithms" */;
			productName = Algorithms;
		};
		34E9B8172763878800087D5F /* AdventOfCodeUtilities */ = {
			isa = XCSwiftPackageProductDependency;
			package = 34C9D9FD274C4EBB00ACB703 /* XCRemoteSwiftPackageReference "AdventOfCodeUtilities" */;
			productName = AdventOfCodeUtilities;
		};
		34E9B8192763878D00087D5F /* Collections */ = {
			isa = XCSwiftPackageProductDependency;
			package = 34C9D9F6274C4E6300ACB703 /* XCRemoteSwiftPackageReference "swift-collections" */;
			productName = Collections;
		};
		34E9B82A2764EC9800087D5F /* AdventOfCodeUtilities */ = {
			isa = XCSwiftPackageProductDependency;
			package = 34C9D9FD274C4EBB00ACB703 /* XCRemoteSwiftPackageReference "AdventOfCodeUtilities" */;
			productName = AdventOfCodeUtilities;
		};
		34E9B83B2766502C00087D5F /* AdventOfCodeUtilities */ = {
			isa = XCSwiftPackageProductDependency;
			package = 34C9D9FD274C4EBB00ACB703 /* XCRemoteSwiftPackageReference "AdventOfCodeUtilities" */;
			productName = AdventOfCodeUtilities;
		};
/* End XCSwiftPackageProductDependency section */
	};
	rootObject = 34C9D9E1274C4D0700ACB703 /* Project object */;
}
