// !$*UTF8*$!
{
	archiveVersion = 1;
	classes = {
	};
	objectVersion = 55;
	objects = {

/* Begin PBXBuildFile section */
		34C9DA07274C4EC400ACB703 /* main.swift in Sources */ = {isa = PBXBuildFile; fileRef = 34C9DA06274C4EC400ACB703 /* main.swift */; };
		34C9DA0E274C4F9200ACB703 /* AdventOfCodeUtilities in Frameworks */ = {isa = PBXBuildFile; productRef = 34C9DA0D274C4F9200ACB703 /* AdventOfCodeUtilities */; };
		34E9B77A2757B6F200087D5F /* Algorithms in Frameworks */ = {isa = PBXBuildFile; productRef = 34E9B7792757B6F200087D5F /* Algorithms */; };
/* End PBXBuildFile section */

/* Begin PBXCopyFilesBuildPhase section */
		34C9DA02274C4EC400ACB703 /* CopyFiles */ = {
			isa = PBXCopyFilesBuildPhase;
			buildActionMask = 2147483647;
			dstPath = /usr/share/man/man1/;
			dstSubfolderSpec = 0;
			files = (
			);
			runOnlyForDeploymentPostprocessing = 1;
		};
/* End PBXCopyFilesBuildPhase section */

/* Begin PBXFileReference section */
		34C9DA04274C4EC400ACB703 /* Day1 */ = {isa = PBXFileReference; explicitFileType = "compiled.mach-o.executable"; includeInIndex = 0; path = Day1; sourceTree = BUILT_PRODUCTS_DIR; };
		34C9DA06274C4EC400ACB703 /* main.swift */ = {isa = PBXFileReference; lastKnownFileType = sourcecode.swift; path = main.swift; sourceTree = "<group>"; };
		34C9DA0B274C4EE800ACB703 /* puzzle_input.txt */ = {isa = PBXFileReference; lastKnownFileType = text; path = puzzle_input.txt; sourceTree = "<group>"; };
		34E9B77B2757B7A700087D5F /* test_input.txt */ = {isa = PBXFileReference; lastKnownFileType = text; path = test_input.txt; sourceTree = "<group>"; };
/* End PBXFileReference section */

/* Begin PBXFrameworksBuildPhase section */
		34C9DA01274C4EC400ACB703 /* Frameworks */ = {
			isa = PBXFrameworksBuildPhase;
			buildActionMask = 2147483647;
			files = (
				34E9B77A2757B6F200087D5F /* Algorithms in Frameworks */,
				34C9DA0E274C4F9200ACB703 /* AdventOfCodeUtilities in Frameworks */,
			);
			runOnlyForDeploymentPostprocessing = 0;
		};
/* End PBXFrameworksBuildPhase section */

/* Begin PBXGroup section */
		34C9D9E0274C4D0600ACB703 = {
			isa = PBXGroup;
			children = (
				34C9DA05274C4EC400ACB703 /* Day1 */,
				34C9D9EA274C4D0700ACB703 /* Products */,
				34C9DA0C274C4F9200ACB703 /* Frameworks */,
			);
			sourceTree = "<group>";
		};
		34C9D9EA274C4D0700ACB703 /* Products */ = {
			isa = PBXGroup;
			children = (
				34C9DA04274C4EC400ACB703 /* Day1 */,
			);
			name = Products;
			sourceTree = "<group>";
		};
		34C9DA05274C4EC400ACB703 /* Day1 */ = {
			isa = PBXGroup;
			children = (
				34C9DA06274C4EC400ACB703 /* main.swift */,
				34C9DA0B274C4EE800ACB703 /* puzzle_input.txt */,
				34E9B77B2757B7A700087D5F /* test_input.txt */,
			);
			path = Day1;
			sourceTree = "<group>";
		};
		34C9DA0C274C4F9200ACB703 /* Frameworks */ = {
			isa = PBXGroup;
			children = (
			);
			name = Frameworks;
			sourceTree = "<group>";
		};
/* End PBXGroup section */

/* Begin PBXNativeTarget section */
		34C9DA03274C4EC400ACB703 /* Day1 */ = {
			isa = PBXNativeTarget;
			buildConfigurationList = 34C9DA08274C4EC400ACB703 /* Build configuration list for PBXNativeTarget "Day1" */;
			buildPhases = (
				34C9DA00274C4EC400ACB703 /* Sources */,
				34C9DA01274C4EC400ACB703 /* Frameworks */,
				34C9DA02274C4EC400ACB703 /* CopyFiles */,
			);
			buildRules = (
			);
			dependencies = (
			);
			name = Day1;
			packageProductDependencies = (
				34C9DA0D274C4F9200ACB703 /* AdventOfCodeUtilities */,
				34E9B7792757B6F200087D5F /* Algorithms */,
			);
			productName = Day1;
			productReference = 34C9DA04274C4EC400ACB703 /* Day1 */;
			productType = "com.apple.product-type.tool";
		};
/* End PBXNativeTarget section */

/* Begin PBXProject section */
		34C9D9E1274C4D0700ACB703 /* Project object */ = {
			isa = PBXProject;
			attributes = {
				BuildIndependentTargetsInParallel = 1;
				LastSwiftUpdateCheck = 1310;
				LastUpgradeCheck = 1310;
				TargetAttributes = {
					34C9DA03274C4EC400ACB703 = {
						CreatedOnToolsVersion = 13.1;
					};
				};
			};
			buildConfigurationList = 34C9D9E4274C4D0700ACB703 /* Build configuration list for PBXProject "AdventOfCode2021" */;
			compatibilityVersion = "Xcode 13.0";
			developmentRegion = en;
			hasScannedForEncodings = 0;
			knownRegions = (
				en,
				Base,
			);
			mainGroup = 34C9D9E0274C4D0600ACB703;
			packageReferences = (
				34C9D9F3274C4E2700ACB703 /* XCRemoteSwiftPackageReference "swift-algorithms" */,
				34C9D9F6274C4E6300ACB703 /* XCRemoteSwiftPackageReference "swift-collections" */,
				34C9D9FD274C4EBB00ACB703 /* XCRemoteSwiftPackageReference "AdventOfCodeUtilities" */,
			);
			productRefGroup = 34C9D9EA274C4D0700ACB703 /* Products */;
			projectDirPath = "";
			projectRoot = "";
			targets = (
				34C9DA03274C4EC400ACB703 /* Day1 */,
			);
		};
/* End PBXProject section */

/* Begin PBXSourcesBuildPhase section */
		34C9DA00274C4EC400ACB703 /* Sources */ = {
			isa = PBXSourcesBuildPhase;
			buildActionMask = 2147483647;
			files = (
				34C9DA07274C4EC400ACB703 /* main.swift in Sources */,
			);
			runOnlyForDeploymentPostprocessing = 0;
		};
/* End PBXSourcesBuildPhase section */

/* Begin XCBuildConfiguration section */
		34C9D9EE274C4D0700ACB703 /* Debug */ = {
			isa = XCBuildConfiguration;
			buildSettings = {
				ALWAYS_SEARCH_USER_PATHS = NO;
				CLANG_ANALYZER_NONNULL = YES;
				CLANG_ANALYZER_NUMBER_OBJECT_CONVERSION = YES_AGGRESSIVE;
				CLANG_CXX_LANGUAGE_STANDARD = "gnu++17";
				CLANG_CXX_LIBRARY = "libc++";
				CLANG_ENABLE_MODULES = YES;
				CLANG_ENABLE_OBJC_ARC = YES;
				CLANG_ENABLE_OBJC_WEAK = YES;
				CLANG_WARN_BLOCK_CAPTURE_AUTORELEASING = YES;
				CLANG_WARN_BOOL_CONVERSION = YES;
				CLANG_WARN_COMMA = YES;
				CLANG_WARN_CONSTANT_CONVERSION = YES;
				CLANG_WARN_DEPRECATED_OBJC_IMPLEMENTATIONS = YES;
				CLANG_WARN_DIRECT_OBJC_ISA_USAGE = YES_ERROR;
				CLANG_WARN_DOCUMENTATION_COMMENTS = YES;
				CLANG_WARN_EMPTY_BODY = YES;
				CLANG_WARN_ENUM_CONVERSION = YES;
				CLANG_WARN_INFINITE_RECURSION = YES;
				CLANG_WARN_INT_CONVERSION = YES;
				CLANG_WARN_NON_LITERAL_NULL_CONVERSION = YES;
				CLANG_WARN_OBJC_IMPLICIT_RETAIN_SELF = YES;
				CLANG_WARN_OBJC_LITERAL_CONVERSION = YES;
				CLANG_WARN_OBJC_ROOT_CLASS = YES_ERROR;
				CLANG_WARN_QUOTED_INCLUDE_IN_FRAMEWORK_HEADER = YES;
				CLANG_WARN_RANGE_LOOP_ANALYSIS = YES;
				CLANG_WARN_STRICT_PROTOTYPES = YES;
				CLANG_WARN_SUSPICIOUS_MOVE = YES;
				CLANG_WARN_UNGUARDED_AVAILABILITY = YES_AGGRESSIVE;
				CLANG_WARN_UNREACHABLE_CODE = YES;
				CLANG_WARN__DUPLICATE_METHOD_MATCH = YES;
				COPY_PHASE_STRIP = NO;
				DEBUG_INFORMATION_FORMAT = dwarf;
				ENABLE_STRICT_OBJC_MSGSEND = YES;
				ENABLE_TESTABILITY = YES;
				GCC_C_LANGUAGE_STANDARD = gnu11;
				GCC_DYNAMIC_NO_PIC = NO;
				GCC_NO_COMMON_BLOCKS = YES;
				GCC_OPTIMIZATION_LEVEL = 0;
				GCC_PREPROCESSOR_DEFINITIONS = (
					"DEBUG=1",
					"$(inherited)",
				);
				GCC_WARN_64_TO_32_BIT_CONVERSION = YES;
				GCC_WARN_ABOUT_RETURN_TYPE = YES_ERROR;
				GCC_WARN_UNDECLARED_SELECTOR = YES;
				GCC_WARN_UNINITIALIZED_AUTOS = YES_AGGRESSIVE;
				GCC_WARN_UNUSED_FUNCTION = YES;
				GCC_WARN_UNUSED_VARIABLE = YES;
				MACOSX_DEPLOYMENT_TARGET = 11.6;
				MTL_ENABLE_DEBUG_INFO = INCLUDE_SOURCE;
				MTL_FAST_MATH = YES;
				ONLY_ACTIVE_ARCH = YES;
				SDKROOT = macosx;
				SWIFT_ACTIVE_COMPILATION_CONDITIONS = DEBUG;
				SWIFT_OPTIMIZATION_LEVEL = "-Onone";
			};
			name = Debug;
		};
		34C9D9EF274C4D0700ACB703 /* Release */ = {
			isa = XCBuildConfiguration;
			buildSettings = {
				ALWAYS_SEARCH_USER_PATHS = NO;
				CLANG_ANALYZER_NONNULL = YES;
				CLANG_ANALYZER_NUMBER_OBJECT_CONVERSION = YES_AGGRESSIVE;
				CLANG_CXX_LANGUAGE_STANDARD = "gnu++17";
				CLANG_CXX_LIBRARY = "libc++";
				CLANG_ENABLE_MODULES = YES;
				CLANG_ENABLE_OBJC_ARC = YES;
				CLANG_ENABLE_OBJC_WEAK = YES;
				CLANG_WARN_BLOCK_CAPTURE_AUTORELEASING = YES;
				CLANG_WARN_BOOL_CONVERSION = YES;
				CLANG_WARN_COMMA = YES;
				CLANG_WARN_CONSTANT_CONVERSION = YES;
				CLANG_WARN_DEPRECATED_OBJC_IMPLEMENTATIONS = YES;
				CLANG_WARN_DIRECT_OBJC_ISA_USAGE = YES_ERROR;
				CLANG_WARN_DOCUMENTATION_COMMENTS = YES;
				CLANG_WARN_EMPTY_BODY = YES;
				CLANG_WARN_ENUM_CONVERSION = YES;
				CLANG_WARN_INFINITE_RECURSION = YES;
				CLANG_WARN_INT_CONVERSION = YES;
				CLANG_WARN_NON_LITERAL_NULL_CONVERSION = YES;
				CLANG_WARN_OBJC_IMPLICIT_RETAIN_SELF = YES;
				CLANG_WARN_OBJC_LITERAL_CONVERSION = YES;
				CLANG_WARN_OBJC_ROOT_CLASS = YES_ERROR;
				CLANG_WARN_QUOTED_INCLUDE_IN_FRAMEWORK_HEADER = YES;
				CLANG_WARN_RANGE_LOOP_ANALYSIS = YES;
				CLANG_WARN_STRICT_PROTOTYPES = YES;
				CLANG_WARN_SUSPICIOUS_MOVE = YES;
				CLANG_WARN_UNGUARDED_AVAILABILITY = YES_AGGRESSIVE;
				CLANG_WARN_UNREACHABLE_CODE = YES;
				CLANG_WARN__DUPLICATE_METHOD_MATCH = YES;
				COPY_PHASE_STRIP = NO;
				DEBUG_INFORMATION_FORMAT = "dwarf-with-dsym";
				ENABLE_NS_ASSERTIONS = NO;
				ENABLE_STRICT_OBJC_MSGSEND = YES;
				GCC_C_LANGUAGE_STANDARD = gnu11;
				GCC_NO_COMMON_BLOCKS = YES;
				GCC_WARN_64_TO_32_BIT_CONVERSION = YES;
				GCC_WARN_ABOUT_RETURN_TYPE = YES_ERROR;
				GCC_WARN_UNDECLARED_SELECTOR = YES;
				GCC_WARN_UNINITIALIZED_AUTOS = YES_AGGRESSIVE;
				GCC_WARN_UNUSED_FUNCTION = YES;
				GCC_WARN_UNUSED_VARIABLE = YES;
				MACOSX_DEPLOYMENT_TARGET = 11.6;
				MTL_ENABLE_DEBUG_INFO = NO;
				MTL_FAST_MATH = YES;
				SDKROOT = macosx;
				SWIFT_COMPILATION_MODE = wholemodule;
				SWIFT_OPTIMIZATION_LEVEL = "-O";
			};
			name = Release;
		};
		34C9DA09274C4EC400ACB703 /* Debug */ = {
			isa = XCBuildConfiguration;
			buildSettings = {
				CODE_SIGN_STYLE = Automatic;
				PRODUCT_NAME = "$(TARGET_NAME)";
				SWIFT_VERSION = 5.0;
			};
			name = Debug;
		};
		34C9DA0A274C4EC400ACB703 /* Release */ = {
			isa = XCBuildConfiguration;
			buildSettings = {
				CODE_SIGN_STYLE = Automatic;
				PRODUCT_NAME = "$(TARGET_NAME)";
				SWIFT_VERSION = 5.0;
			};
			name = Release;
		};
/* End XCBuildConfiguration section */

/* Begin XCConfigurationList section */
		34C9D9E4274C4D0700ACB703 /* Build configuration list for PBXProject "AdventOfCode2021" */ = {
			isa = XCConfigurationList;
			buildConfigurations = (
				34C9D9EE274C4D0700ACB703 /* Debug */,
				34C9D9EF274C4D0700ACB703 /* Release */,
			);
			defaultConfigurationIsVisible = 0;
			defaultConfigurationName = Release;
		};
		34C9DA08274C4EC400ACB703 /* Build configuration list for PBXNativeTarget "Day1" */ = {
			isa = XCConfigurationList;
			buildConfigurations = (
				34C9DA09274C4EC400ACB703 /* Debug */,
				34C9DA0A274C4EC400ACB703 /* Release */,
			);
			defaultConfigurationIsVisible = 0;
			defaultConfigurationName = Release;
		};
/* End XCConfigurationList section */

/* Begin XCRemoteSwiftPackageReference section */
		34C9D9F3274C4E2700ACB703 /* XCRemoteSwiftPackageReference "swift-algorithms" */ = {
			isa = XCRemoteSwiftPackageReference;
			repositoryURL = "https://github.com/apple/swift-algorithms.git";
			requirement = {
				kind = upToNextMinorVersion;
				minimumVersion = 1.0.0;
			};
		};
		34C9D9F6274C4E6300ACB703 /* XCRemoteSwiftPackageReference "swift-collections" */ = {
			isa = XCRemoteSwiftPackageReference;
			repositoryURL = "https://github.com/apple/swift-collections.git";
			requirement = {
				kind = upToNextMinorVersion;
				minimumVersion = 1.0.0;
			};
		};
		34C9D9FD274C4EBB00ACB703 /* XCRemoteSwiftPackageReference "AdventOfCodeUtilities" */ = {
			isa = XCRemoteSwiftPackageReference;
			repositoryURL = "https://github.com/OffTheMark/AdventOfCodeUtilities";
			requirement = {
				branch = master;
				kind = branch;
			};
		};
/* End XCRemoteSwiftPackageReference section */

/* Begin XCSwiftPackageProductDependency section */
		34C9DA0D274C4F9200ACB703 /* AdventOfCodeUtilities */ = {
			isa = XCSwiftPackageProductDependency;
			package = 34C9D9FD274C4EBB00ACB703 /* XCRemoteSwiftPackageReference "AdventOfCodeUtilities" */;
			productName = AdventOfCodeUtilities;
		};
		34E9B7792757B6F200087D5F /* Algorithms */ = {
			isa = XCSwiftPackageProductDependency;
			package = 34C9D9F3274C4E2700ACB703 /* XCRemoteSwiftPackageReference "swift-algorithms" */;
			productName = Algorithms;
		};
/* End XCSwiftPackageProductDependency section */
	};
	rootObject = 34C9D9E1274C4D0700ACB703 /* Project object */;
}
